
Microsoft Visual Studio Solution File, Format Version 12.00
# Visual Studio Version 16
VisualStudioVersion = 16.0.31702.278
MinimumVisualStudioVersion = 10.0.40219.1
Project("{FAE04EC0-301F-11D3-BF4B-00C04F79EFBC}") = "restaurant_management", "restaurant_management\restaurant_management.csproj", "{7F83D22D-E229-4394-9F4D-F058E030A366}"
EndProject
Global
	GlobalSection(SolutionConfigurationPlatforms) = preSolution
		Debug|Any CPU = Debug|Any CPU
		Release|Any CPU = Release|Any CPU
	EndGlobalSection
	GlobalSection(ProjectConfigurationPlatforms) = postSolution
		{7F83D22D-E229-4394-9F4D-F058E030A366}.Debug|Any CPU.ActiveCfg = Debug|Any CPU
		{7F83D22D-E229-4394-9F4D-F058E030A366}.Debug|Any CPU.Build.0 = Debug|Any CPU
		{7F83D22D-E229-4394-9F4D-F058E030A366}.Release|Any CPU.ActiveCfg = Release|Any CPU
		{7F83D22D-E229-4394-9F4D-F058E030A366}.Release|Any CPU.Build.0 = Release|Any CPU
	EndGlobalSection
	GlobalSection(SolutionProperties) = preSolution
		HideSolutionNode = FALSE
	EndGlobalSection
	GlobalSection(ExtensibilityGlobals) = postSolution
		SolutionGuid = {130FFDDD-FB42-4672-81AD-809407FED363}
	EndGlobalSection
EndGlobal
